{
  "name": "svelte-ken-burns-slideshow",
  "version": "1.0.4",
  "lockfileVersion": 3,
  "requires": true,
  "packages": {
    "": {
      "name": "svelte-ken-burns-slideshow",
      "version": "1.0.4",
      "license": "MIT",
      "devDependencies": {
        "prettier": "^2.8.7",
        "prettier-plugin-svelte": "^2.10.0"
      }
    },
    "node_modules/prettier": {
      "version": "2.8.7",
      "resolved": "https://registry.npmjs.org/prettier/-/prettier-2.8.7.tgz",
      "integrity": "sha512-yPngTo3aXUUmyuTjeTUT75txrf+aMh9FiD7q9ZE/i6r0bPb22g4FsE6Y338PQX1bmfy08i9QQCB7/rcUAVntfw==",
      "dev": true,
      "bin": {
        "prettier": "bin-prettier.js"
      },
      "engines": {
        "node": ">=10.13.0"
      },
      "funding": {
        "url": "https://github.com/prettier/prettier?sponsor=1"
      }
    },
    "node_modules/prettier-plugin-svelte": {
      "version": "2.10.0",
      "resolved": "https://registry.npmjs.org/prettier-plugin-svelte/-/prettier-plugin-svelte-2.10.0.tgz",
      "integrity": "sha512-GXMY6t86thctyCvQq+jqElO+MKdB09BkL3hexyGP3Oi8XLKRFaJP1ud/xlWCZ9ZIa2BxHka32zhHfcuU+XsRQg==",
      "dev": true,
      "peerDependencies": {
        "prettier": "^1.16.4 || ^2.0.0",
        "svelte": "^3.2.0"
      }
    },
    "node_modules/svelte": {
      "version": "3.57.0",
      "resolved": "https://registry.npmjs.org/svelte/-/svelte-3.57.0.tgz",
      "integrity": "sha512-WMXEvF+RtAaclw0t3bPDTUe19pplMlfyKDsixbHQYgCWi9+O9VN0kXU1OppzrB9gPAvz4NALuoca2LfW2bOjTQ==",
      "dev": true,
      "peer": true,
      "engines": {
        "node": ">= 8"
      }
    }
  }
}
